
Microsoft Visual Studio Solution File, Format Version 12.00
# Visual Studio Version 16
VisualStudioVersion = 16.0.29613.14
MinimumVisualStudioVersion = 10.0.40219.1
Project("{FAE04EC0-301F-11D3-BF4B-00C04F79EFBC}") = "SinglyLinkedLists", "SinglyLinkedLists\SinglyLinkedLists.csproj", "{285F544E-4C79-42BE-923F-8212129BC759}"
EndProject
Project("{FAE04EC0-301F-11D3-BF4B-00C04F79EFBC}") = "SinglyLinkedListsTest", "SinglyLinkedListsTest\SinglyLinkedListsTest.csproj", "{F12828E4-79B9-4347-9427-E71F4C427793}"
EndProject
Global
	GlobalSection(SolutionConfigurationPlatforms) = preSolution
		Debug|Any CPU = Debug|Any CPU
		Release|Any CPU = Release|Any CPU
	EndGlobalSection
	GlobalSection(ProjectConfigurationPlatforms) = postSolution
		{285F544E-4C79-42BE-923F-8212129BC759}.Debug|Any CPU.ActiveCfg = Debug|Any CPU
		{285F544E-4C79-42BE-923F-8212129BC759}.Debug|Any CPU.Build.0 = Debug|Any CPU
		{285F544E-4C79-42BE-923F-8212129BC759}.Release|Any CPU.ActiveCfg = Release|Any CPU
		{285F544E-4C79-42BE-923F-8212129BC759}.Release|Any CPU.Build.0 = Release|Any CPU
		{F12828E4-79B9-4347-9427-E71F4C427793}.Debug|Any CPU.ActiveCfg = Debug|Any CPU
		{F12828E4-79B9-4347-9427-E71F4C427793}.Debug|Any CPU.Build.0 = Debug|Any CPU
		{F12828E4-79B9-4347-9427-E71F4C427793}.Release|Any CPU.ActiveCfg = Release|Any CPU
		{F12828E4-79B9-4347-9427-E71F4C427793}.Release|Any CPU.Build.0 = Release|Any CPU
	EndGlobalSection
	GlobalSection(SolutionProperties) = preSolution
		HideSolutionNode = FALSE
	EndGlobalSection
	GlobalSection(ExtensibilityGlobals) = postSolution
		SolutionGuid = {85EC393A-9635-4B0E-8435-9229DD7A7D72}
	EndGlobalSection
EndGlobal
